
Microsoft Visual Studio Solution File, Format Version 12.00
# Visual Studio 15
VisualStudioVersion = 15.0.27703.2035
MinimumVisualStudioVersion = 10.0.40219.1
Project("{FAE04EC0-301F-11D3-BF4B-00C04F79EFBC}") = "Hands.API", "Hands.API\Hands.API.csproj", "{6C9D6485-04E4-412C-BFDF-84F8383576F0}"
EndProject
Project("{FAE04EC0-301F-11D3-BF4B-00C04F79EFBC}") = "Hands.Dominio", "Hnds.Dominio\Hands.Dominio.csproj", "{24F7503A-904B-4CCD-8538-B8CA2961E2B2}"
EndProject
Project("{FAE04EC0-301F-11D3-BF4B-00C04F79EFBC}") = "Hands.Repositorio", "Hands.Repositorio\Hands.Repositorio.csproj", "{2FBFEC7B-31D7-41CF-A764-10FE1E294BB4}"
EndProject
Global
	GlobalSection(SolutionConfigurationPlatforms) = preSolution
		Debug|Any CPU = Debug|Any CPU
		Release|Any CPU = Release|Any CPU
	EndGlobalSection
	GlobalSection(ProjectConfigurationPlatforms) = postSolution
		{6C9D6485-04E4-412C-BFDF-84F8383576F0}.Debug|Any CPU.ActiveCfg = Debug|Any CPU
		{6C9D6485-04E4-412C-BFDF-84F8383576F0}.Debug|Any CPU.Build.0 = Debug|Any CPU
		{6C9D6485-04E4-412C-BFDF-84F8383576F0}.Release|Any CPU.ActiveCfg = Release|Any CPU
		{6C9D6485-04E4-412C-BFDF-84F8383576F0}.Release|Any CPU.Build.0 = Release|Any CPU
		{24F7503A-904B-4CCD-8538-B8CA2961E2B2}.Debug|Any CPU.ActiveCfg = Debug|Any CPU
		{24F7503A-904B-4CCD-8538-B8CA2961E2B2}.Debug|Any CPU.Build.0 = Debug|Any CPU
		{24F7503A-904B-4CCD-8538-B8CA2961E2B2}.Release|Any CPU.ActiveCfg = Release|Any CPU
		{24F7503A-904B-4CCD-8538-B8CA2961E2B2}.Release|Any CPU.Build.0 = Release|Any CPU
		{2FBFEC7B-31D7-41CF-A764-10FE1E294BB4}.Debug|Any CPU.ActiveCfg = Debug|Any CPU
		{2FBFEC7B-31D7-41CF-A764-10FE1E294BB4}.Debug|Any CPU.Build.0 = Debug|Any CPU
		{2FBFEC7B-31D7-41CF-A764-10FE1E294BB4}.Release|Any CPU.ActiveCfg = Release|Any CPU
		{2FBFEC7B-31D7-41CF-A764-10FE1E294BB4}.Release|Any CPU.Build.0 = Release|Any CPU
	EndGlobalSection
	GlobalSection(SolutionProperties) = preSolution
		HideSolutionNode = FALSE
	EndGlobalSection
	GlobalSection(ExtensibilityGlobals) = postSolution
		SolutionGuid = {BA3ECCEC-05F6-4720-A84D-2852F824000E}
	EndGlobalSection
EndGlobal
